// !$*UTF8*$!
{
	archiveVersion = 1;
	classes = {
	};
	objectVersion = 56;
	objects = {

/* Begin PBXBuildFile section */
		CEB3EC472B4001510068F4B7 /* MovieCombineApp.swift in Sources */ = {isa = PBXBuildFile; fileRef = CEB3EC462B4001510068F4B7 /* MovieCombineApp.swift */; };
		CEB3EC492B4001510068F4B7 /* ContentView.swift in Sources */ = {isa = PBXBuildFile; fileRef = CEB3EC482B4001510068F4B7 /* ContentView.swift */; };
		CEB3EC4B2B4001530068F4B7 /* Assets.xcassets in Resources */ = {isa = PBXBuildFile; fileRef = CEB3EC4A2B4001530068F4B7 /* Assets.xcassets */; };
		CEB3EC4E2B4001530068F4B7 /* Preview Assets.xcassets in Resources */ = {isa = PBXBuildFile; fileRef = CEB3EC4D2B4001530068F4B7 /* Preview Assets.xcassets */; };
		CEB3EC5E2B40088E0068F4B7 /* DiscoverView.swift in Sources */ = {isa = PBXBuildFile; fileRef = CEB3EC5D2B40088E0068F4B7 /* DiscoverView.swift */; };
		CEB3EC602B40089C0068F4B7 /* DiscoverViewModel.swift in Sources */ = {isa = PBXBuildFile; fileRef = CEB3EC5F2B40089C0068F4B7 /* DiscoverViewModel.swift */; };
		CEB3EC622B4008E80068F4B7 /* NetworkingManager.swift in Sources */ = {isa = PBXBuildFile; fileRef = CEB3EC612B4008E80068F4B7 /* NetworkingManager.swift */; };
		CEB3EC642B40140A0068F4B7 /* MoviePageableList.swift in Sources */ = {isa = PBXBuildFile; fileRef = CEB3EC632B40140A0068F4B7 /* MoviePageableList.swift */; };
		CEB3EC662B4014190068F4B7 /* Movie.swift in Sources */ = {isa = PBXBuildFile; fileRef = CEB3EC652B4014190068F4B7 /* Movie.swift */; };
		CEB3EC682B40146A0068F4B7 /* MovieDataService.swift in Sources */ = {isa = PBXBuildFile; fileRef = CEB3EC672B40146A0068F4B7 /* MovieDataService.swift */; };
/* End PBXBuildFile section */

/* Begin PBXFileReference section */
		CEB3EC432B4001510068F4B7 /* MovieCombine.app */ = {isa = PBXFileReference; explicitFileType = wrapper.application; includeInIndex = 0; path = MovieCombine.app; sourceTree = BUILT_PRODUCTS_DIR; };
		CEB3EC462B4001510068F4B7 /* MovieCombineApp.swift */ = {isa = PBXFileReference; lastKnownFileType = sourcecode.swift; path = MovieCombineApp.swift; sourceTree = "<group>"; };
		CEB3EC482B4001510068F4B7 /* ContentView.swift */ = {isa = PBXFileReference; lastKnownFileType = sourcecode.swift; path = ContentView.swift; sourceTree = "<group>"; };
		CEB3EC4A2B4001530068F4B7 /* Assets.xcassets */ = {isa = PBXFileReference; lastKnownFileType = folder.assetcatalog; path = Assets.xcassets; sourceTree = "<group>"; };
		CEB3EC4D2B4001530068F4B7 /* Preview Assets.xcassets */ = {isa = PBXFileReference; lastKnownFileType = folder.assetcatalog; path = "Preview Assets.xcassets"; sourceTree = "<group>"; };
		CEB3EC5D2B40088E0068F4B7 /* DiscoverView.swift */ = {isa = PBXFileReference; lastKnownFileType = sourcecode.swift; path = DiscoverView.swift; sourceTree = "<group>"; };
		CEB3EC5F2B40089C0068F4B7 /* DiscoverViewModel.swift */ = {isa = PBXFileReference; lastKnownFileType = sourcecode.swift; path = DiscoverViewModel.swift; sourceTree = "<group>"; };
		CEB3EC612B4008E80068F4B7 /* NetworkingManager.swift */ = {isa = PBXFileReference; lastKnownFileType = sourcecode.swift; path = NetworkingManager.swift; sourceTree = "<group>"; };
		CEB3EC632B40140A0068F4B7 /* MoviePageableList.swift */ = {isa = PBXFileReference; lastKnownFileType = sourcecode.swift; path = MoviePageableList.swift; sourceTree = "<group>"; };
		CEB3EC652B4014190068F4B7 /* Movie.swift */ = {isa = PBXFileReference; lastKnownFileType = sourcecode.swift; path = Movie.swift; sourceTree = "<group>"; };
		CEB3EC672B40146A0068F4B7 /* MovieDataService.swift */ = {isa = PBXFileReference; lastKnownFileType = sourcecode.swift; path = MovieDataService.swift; sourceTree = "<group>"; };
/* End PBXFileReference section */

/* Begin PBXFrameworksBuildPhase section */
		CEB3EC402B4001510068F4B7 /* Frameworks */ = {
			isa = PBXFrameworksBuildPhase;
			buildActionMask = 2147483647;
			files = (
			);
			runOnlyForDeploymentPostprocessing = 0;
		};
/* End PBXFrameworksBuildPhase section */

/* Begin PBXGroup section */
		CEB3EC3A2B4001510068F4B7 = {
			isa = PBXGroup;
			children = (
				CEB3EC452B4001510068F4B7 /* MovieCombine */,
				CEB3EC442B4001510068F4B7 /* Products */,
			);
			sourceTree = "<group>";
		};
		CEB3EC442B4001510068F4B7 /* Products */ = {
			isa = PBXGroup;
			children = (
				CEB3EC432B4001510068F4B7 /* MovieCombine.app */,
			);
			name = Products;
			sourceTree = "<group>";
		};
		CEB3EC452B4001510068F4B7 /* MovieCombine */ = {
			isa = PBXGroup;
			children = (
				CEB3EC462B4001510068F4B7 /* MovieCombineApp.swift */,
				CEB3EC482B4001510068F4B7 /* ContentView.swift */,
				CEB3EC542B40069C0068F4B7 /* Core */,
				CEB3EC582B40070E0068F4B7 /* Extensions */,
				CEB3EC552B4006A50068F4B7 /* Models */,
				CEB3EC562B4006B90068F4B7 /* Services */,
				CEB3EC572B4006C10068F4B7 /* Utilities */,
				CEB3EC4A2B4001530068F4B7 /* Assets.xcassets */,
				CEB3EC4C2B4001530068F4B7 /* Preview Content */,
			);
			path = MovieCombine;
			sourceTree = "<group>";
		};
		CEB3EC4C2B4001530068F4B7 /* Preview Content */ = {
			isa = PBXGroup;
			children = (
				CEB3EC4D2B4001530068F4B7 /* Preview Assets.xcassets */,
			);
			path = "Preview Content";
			sourceTree = "<group>";
		};
		CEB3EC542B40069C0068F4B7 /* Core */ = {
			isa = PBXGroup;
			children = (
				CEB3EC5A2B4008570068F4B7 /* Discover */,
				CEB3EC592B4007670068F4B7 /* Components */,
			);
			path = Core;
			sourceTree = "<group>";
		};
		CEB3EC552B4006A50068F4B7 /* Models */ = {
			isa = PBXGroup;
			children = (
				CEB3EC632B40140A0068F4B7 /* MoviePageableList.swift */,
				CEB3EC652B4014190068F4B7 /* Movie.swift */,
			);
			path = Models;
			sourceTree = "<group>";
		};
		CEB3EC562B4006B90068F4B7 /* Services */ = {
			isa = PBXGroup;
			children = (
				CEB3EC672B40146A0068F4B7 /* MovieDataService.swift */,
			);
			path = Services;
			sourceTree = "<group>";
		};
		CEB3EC572B4006C10068F4B7 /* Utilities */ = {
			isa = PBXGroup;
			children = (
				CEB3EC612B4008E80068F4B7 /* NetworkingManager.swift */,
			);
			path = Utilities;
			sourceTree = "<group>";
		};
		CEB3EC582B40070E0068F4B7 /* Extensions */ = {
			isa = PBXGroup;
			children = (
			);
			path = Extensions;
			sourceTree = "<group>";
		};
		CEB3EC592B4007670068F4B7 /* Components */ = {
			isa = PBXGroup;
			children = (
			);
			path = Components;
			sourceTree = "<group>";
		};
		CEB3EC5A2B4008570068F4B7 /* Discover */ = {
			isa = PBXGroup;
			children = (
				CEB3EC5B2B4008620068F4B7 /* Views */,
				CEB3EC5C2B4008670068F4B7 /* ViewModels */,
			);
			path = Discover;
			sourceTree = "<group>";
		};
		CEB3EC5B2B4008620068F4B7 /* Views */ = {
			isa = PBXGroup;
			children = (
				CEB3EC5D2B40088E0068F4B7 /* DiscoverView.swift */,
			);
			path = Views;
			sourceTree = "<group>";
		};
		CEB3EC5C2B4008670068F4B7 /* ViewModels */ = {
			isa = PBXGroup;
			children = (
				CEB3EC5F2B40089C0068F4B7 /* DiscoverViewModel.swift */,
			);
			path = ViewModels;
			sourceTree = "<group>";
		};
/* End PBXGroup section */

/* Begin PBXNativeTarget section */
		CEB3EC422B4001510068F4B7 /* MovieCombine */ = {
			isa = PBXNativeTarget;
			buildConfigurationList = CEB3EC512B4001530068F4B7 /* Build configuration list for PBXNativeTarget "MovieCombine" */;
			buildPhases = (
				CEB3EC3F2B4001510068F4B7 /* Sources */,
				CEB3EC402B4001510068F4B7 /* Frameworks */,
				CEB3EC412B4001510068F4B7 /* Resources */,
			);
			buildRules = (
			);
			dependencies = (
			);
			name = MovieCombine;
			productName = MovieCombine;
			productReference = CEB3EC432B4001510068F4B7 /* MovieCombine.app */;
			productType = "com.apple.product-type.application";
		};
/* End PBXNativeTarget section */

/* Begin PBXProject section */
		CEB3EC3B2B4001510068F4B7 /* Project object */ = {
			isa = PBXProject;
			attributes = {
				BuildIndependentTargetsInParallel = 1;
				LastSwiftUpdateCheck = 1500;
				LastUpgradeCheck = 1500;
				TargetAttributes = {
					CEB3EC422B4001510068F4B7 = {
						CreatedOnToolsVersion = 15.0.1;
					};
				};
			};
			buildConfigurationList = CEB3EC3E2B4001510068F4B7 /* Build configuration list for PBXProject "MovieCombine" */;
			compatibilityVersion = "Xcode 14.0";
			developmentRegion = en;
			hasScannedForEncodings = 0;
			knownRegions = (
				en,
				Base,
			);
			mainGroup = CEB3EC3A2B4001510068F4B7;
			productRefGroup = CEB3EC442B4001510068F4B7 /* Products */;
			projectDirPath = "";
			projectRoot = "";
			targets = (
				CEB3EC422B4001510068F4B7 /* MovieCombine */,
			);
		};
/* End PBXProject section */

/* Begin PBXResourcesBuildPhase section */
		CEB3EC412B4001510068F4B7 /* Resources */ = {
			isa = PBXResourcesBuildPhase;
			buildActionMask = 2147483647;
			files = (
				CEB3EC4E2B4001530068F4B7 /* Preview Assets.xcassets in Resources */,
				CEB3EC4B2B4001530068F4B7 /* Assets.xcassets in Resources */,
			);
			runOnlyForDeploymentPostprocessing = 0;
		};
/* End PBXResourcesBuildPhase section */

/* Begin PBXSourcesBuildPhase section */
		CEB3EC3F2B4001510068F4B7 /* Sources */ = {
			isa = PBXSourcesBuildPhase;
			buildActionMask = 2147483647;
			files = (
				CEB3EC662B4014190068F4B7 /* Movie.swift in Sources */,
				CEB3EC492B4001510068F4B7 /* ContentView.swift in Sources */,
				CEB3EC602B40089C0068F4B7 /* DiscoverViewModel.swift in Sources */,
				CEB3EC472B4001510068F4B7 /* MovieCombineApp.swift in Sources */,
				CEB3EC682B40146A0068F4B7 /* MovieDataService.swift in Sources */,
				CEB3EC642B40140A0068F4B7 /* MoviePageableList.swift in Sources */,
				CEB3EC622B4008E80068F4B7 /* NetworkingManager.swift in Sources */,
				CEB3EC5E2B40088E0068F4B7 /* DiscoverView.swift in Sources */,
			);
			runOnlyForDeploymentPostprocessing = 0;
		};
/* End PBXSourcesBuildPhase section */

/* Begin XCBuildConfiguration section */
		CEB3EC4F2B4001530068F4B7 /* Debug */ = {
			isa = XCBuildConfiguration;
			buildSettings = {
				ALWAYS_SEARCH_USER_PATHS = NO;
				ASSETCATALOG_COMPILER_GENERATE_SWIFT_ASSET_SYMBOL_EXTENSIONS = YES;
				CLANG_ANALYZER_NONNULL = YES;
				CLANG_ANALYZER_NUMBER_OBJECT_CONVERSION = YES_AGGRESSIVE;
				CLANG_CXX_LANGUAGE_STANDARD = "gnu++20";
				CLANG_ENABLE_MODULES = YES;
				CLANG_ENABLE_OBJC_ARC = YES;
				CLANG_ENABLE_OBJC_WEAK = YES;
				CLANG_WARN_BLOCK_CAPTURE_AUTORELEASING = YES;
				CLANG_WARN_BOOL_CONVERSION = YES;
				CLANG_WARN_COMMA = YES;
				CLANG_WARN_CONSTANT_CONVERSION = YES;
				CLANG_WARN_DEPRECATED_OBJC_IMPLEMENTATIONS = YES;
				CLANG_WARN_DIRECT_OBJC_ISA_USAGE = YES_ERROR;
				CLANG_WARN_DOCUMENTATION_COMMENTS = YES;
				CLANG_WARN_EMPTY_BODY = YES;
				CLANG_WARN_ENUM_CONVERSION = YES;
				CLANG_WARN_INFINITE_RECURSION = YES;
				CLANG_WARN_INT_CONVERSION = YES;
				CLANG_WARN_NON_LITERAL_NULL_CONVERSION = YES;
				CLANG_WARN_OBJC_IMPLICIT_RETAIN_SELF = YES;
				CLANG_WARN_OBJC_LITERAL_CONVERSION = YES;
				CLANG_WARN_OBJC_ROOT_CLASS = YES_ERROR;
				CLANG_WARN_QUOTED_INCLUDE_IN_FRAMEWORK_HEADER = YES;
				CLANG_WARN_RANGE_LOOP_ANALYSIS = YES;
				CLANG_WARN_STRICT_PROTOTYPES = YES;
				CLANG_WARN_SUSPICIOUS_MOVE = YES;
				CLANG_WARN_UNGUARDED_AVAILABILITY = YES_AGGRESSIVE;
				CLANG_WARN_UNREACHABLE_CODE = YES;
				CLANG_WARN__DUPLICATE_METHOD_MATCH = YES;
				COPY_PHASE_STRIP = NO;
				DEBUG_INFORMATION_FORMAT = dwarf;
				ENABLE_STRICT_OBJC_MSGSEND = YES;
				ENABLE_TESTABILITY = YES;
				ENABLE_USER_SCRIPT_SANDBOXING = YES;
				GCC_C_LANGUAGE_STANDARD = gnu17;
				GCC_DYNAMIC_NO_PIC = NO;
				GCC_NO_COMMON_BLOCKS = YES;
				GCC_OPTIMIZATION_LEVEL = 0;
				GCC_PREPROCESSOR_DEFINITIONS = (
					"DEBUG=1",
					"$(inherited)",
				);
				GCC_WARN_64_TO_32_BIT_CONVERSION = YES;
				GCC_WARN_ABOUT_RETURN_TYPE = YES_ERROR;
				GCC_WARN_UNDECLARED_SELECTOR = YES;
				GCC_WARN_UNINITIALIZED_AUTOS = YES_AGGRESSIVE;
				GCC_WARN_UNUSED_FUNCTION = YES;
				GCC_WARN_UNUSED_VARIABLE = YES;
				IPHONEOS_DEPLOYMENT_TARGET = 17.0;
				LOCALIZATION_PREFERS_STRING_CATALOGS = YES;
				MTL_ENABLE_DEBUG_INFO = INCLUDE_SOURCE;
				MTL_FAST_MATH = YES;
				ONLY_ACTIVE_ARCH = YES;
				SDKROOT = iphoneos;
				SWIFT_ACTIVE_COMPILATION_CONDITIONS = "DEBUG $(inherited)";
				SWIFT_OPTIMIZATION_LEVEL = "-Onone";
			};
			name = Debug;
		};
		CEB3EC502B4001530068F4B7 /* Release */ = {
			isa = XCBuildConfiguration;
			buildSettings = {
				ALWAYS_SEARCH_USER_PATHS = NO;
				ASSETCATALOG_COMPILER_GENERATE_SWIFT_ASSET_SYMBOL_EXTENSIONS = YES;
				CLANG_ANALYZER_NONNULL = YES;
				CLANG_ANALYZER_NUMBER_OBJECT_CONVERSION = YES_AGGRESSIVE;
				CLANG_CXX_LANGUAGE_STANDARD = "gnu++20";
				CLANG_ENABLE_MODULES = YES;
				CLANG_ENABLE_OBJC_ARC = YES;
				CLANG_ENABLE_OBJC_WEAK = YES;
				CLANG_WARN_BLOCK_CAPTURE_AUTORELEASING = YES;
				CLANG_WARN_BOOL_CONVERSION = YES;
				CLANG_WARN_COMMA = YES;
				CLANG_WARN_CONSTANT_CONVERSION = YES;
				CLANG_WARN_DEPRECATED_OBJC_IMPLEMENTATIONS = YES;
				CLANG_WARN_DIRECT_OBJC_ISA_USAGE = YES_ERROR;
				CLANG_WARN_DOCUMENTATION_COMMENTS = YES;
				CLANG_WARN_EMPTY_BODY = YES;
				CLANG_WARN_ENUM_CONVERSION = YES;
				CLANG_WARN_INFINITE_RECURSION = YES;
				CLANG_WARN_INT_CONVERSION = YES;
				CLANG_WARN_NON_LITERAL_NULL_CONVERSION = YES;
				CLANG_WARN_OBJC_IMPLICIT_RETAIN_SELF = YES;
				CLANG_WARN_OBJC_LITERAL_CONVERSION = YES;
				CLANG_WARN_OBJC_ROOT_CLASS = YES_ERROR;
				CLANG_WARN_QUOTED_INCLUDE_IN_FRAMEWORK_HEADER = YES;
				CLANG_WARN_RANGE_LOOP_ANALYSIS = YES;
				CLANG_WARN_STRICT_PROTOTYPES = YES;
				CLANG_WARN_SUSPICIOUS_MOVE = YES;
				CLANG_WARN_UNGUARDED_AVAILABILITY = YES_AGGRESSIVE;
				CLANG_WARN_UNREACHABLE_CODE = YES;
				CLANG_WARN__DUPLICATE_METHOD_MATCH = YES;
				COPY_PHASE_STRIP = NO;
				DEBUG_INFORMATION_FORMAT = "dwarf-with-dsym";
				ENABLE_NS_ASSERTIONS = NO;
				ENABLE_STRICT_OBJC_MSGSEND = YES;
				ENABLE_USER_SCRIPT_SANDBOXING = YES;
				GCC_C_LANGUAGE_STANDARD = gnu17;
				GCC_NO_COMMON_BLOCKS = YES;
				GCC_WARN_64_TO_32_BIT_CONVERSION = YES;
				GCC_WARN_ABOUT_RETURN_TYPE = YES_ERROR;
				GCC_WARN_UNDECLARED_SELECTOR = YES;
				GCC_WARN_UNINITIALIZED_AUTOS = YES_AGGRESSIVE;
				GCC_WARN_UNUSED_FUNCTION = YES;
				GCC_WARN_UNUSED_VARIABLE = YES;
				IPHONEOS_DEPLOYMENT_TARGET = 17.0;
				LOCALIZATION_PREFERS_STRING_CATALOGS = YES;
				MTL_ENABLE_DEBUG_INFO = NO;
				MTL_FAST_MATH = YES;
				SDKROOT = iphoneos;
				SWIFT_COMPILATION_MODE = wholemodule;
				VALIDATE_PRODUCT = YES;
			};
			name = Release;
		};
		CEB3EC522B4001530068F4B7 /* Debug */ = {
			isa = XCBuildConfiguration;
			buildSettings = {
				ASSETCATALOG_COMPILER_APPICON_NAME = AppIcon;
				ASSETCATALOG_COMPILER_GLOBAL_ACCENT_COLOR_NAME = AccentColor;
				CODE_SIGN_STYLE = Automatic;
				CURRENT_PROJECT_VERSION = 1;
				DEVELOPMENT_ASSET_PATHS = "\"MovieCombine/Preview Content\"";
				ENABLE_PREVIEWS = YES;
				GENERATE_INFOPLIST_FILE = YES;
				INFOPLIST_KEY_UIApplicationSceneManifest_Generation = YES;
				INFOPLIST_KEY_UIApplicationSupportsIndirectInputEvents = YES;
				INFOPLIST_KEY_UILaunchScreen_Generation = YES;
				INFOPLIST_KEY_UISupportedInterfaceOrientations_iPad = "UIInterfaceOrientationPortrait UIInterfaceOrientationPortraitUpsideDown UIInterfaceOrientationLandscapeLeft UIInterfaceOrientationLandscapeRight";
				INFOPLIST_KEY_UISupportedInterfaceOrientations_iPhone = "UIInterfaceOrientationPortrait UIInterfaceOrientationLandscapeLeft UIInterfaceOrientationLandscapeRight";
				IPHONEOS_DEPLOYMENT_TARGET = 16.4;
				LD_RUNPATH_SEARCH_PATHS = (
					"$(inherited)",
					"@executable_path/Frameworks",
				);
				MARKETING_VERSION = 1.0;
				PRODUCT_BUNDLE_IDENTIFIER = com.kim.hyunjin.MovieCombine;
				PRODUCT_NAME = "$(TARGET_NAME)";
				SWIFT_EMIT_LOC_STRINGS = YES;
				SWIFT_VERSION = 5.0;
				TARGETED_DEVICE_FAMILY = "1,2";
			};
			name = Debug;
		};
		CEB3EC532B4001530068F4B7 /* Release */ = {
			isa = XCBuildConfiguration;
			buildSettings = {
				ASSETCATALOG_COMPILER_APPICON_NAME = AppIcon;
				ASSETCATALOG_COMPILER_GLOBAL_ACCENT_COLOR_NAME = AccentColor;
				CODE_SIGN_STYLE = Automatic;
				CURRENT_PROJECT_VERSION = 1;
				DEVELOPMENT_ASSET_PATHS = "\"MovieCombine/Preview Content\"";
				ENABLE_PREVIEWS = YES;
				GENERATE_INFOPLIST_FILE = YES;
				INFOPLIST_KEY_UIApplicationSceneManifest_Generation = YES;
				INFOPLIST_KEY_UIApplicationSupportsIndirectInputEvents = YES;
				INFOPLIST_KEY_UILaunchScreen_Generation = YES;
				INFOPLIST_KEY_UISupportedInterfaceOrientations_iPad = "UIInterfaceOrientationPortrait UIInterfaceOrientationPortraitUpsideDown UIInterfaceOrientationLandscapeLeft UIInterfaceOrientationLandscapeRight";
				INFOPLIST_KEY_UISupportedInterfaceOrientations_iPhone = "UIInterfaceOrientationPortrait UIInterfaceOrientationLandscapeLeft UIInterfaceOrientationLandscapeRight";
				IPHONEOS_DEPLOYMENT_TARGET = 16.4;
				LD_RUNPATH_SEARCH_PATHS = (
					"$(inherited)",
					"@executable_path/Frameworks",
				);
				MARKETING_VERSION = 1.0;
				PRODUCT_BUNDLE_IDENTIFIER = com.kim.hyunjin.MovieCombine;
				PRODUCT_NAME = "$(TARGET_NAME)";
				SWIFT_EMIT_LOC_STRINGS = YES;
				SWIFT_VERSION = 5.0;
				TARGETED_DEVICE_FAMILY = "1,2";
			};
			name = Release;
		};
/* End XCBuildConfiguration section */

/* Begin XCConfigurationList section */
		CEB3EC3E2B4001510068F4B7 /* Build configuration list for PBXProject "MovieCombine" */ = {
			isa = XCConfigurationList;
			buildConfigurations = (
				CEB3EC4F2B4001530068F4B7 /* Debug */,
				CEB3EC502B4001530068F4B7 /* Release */,
			);
			defaultConfigurationIsVisible = 0;
			defaultConfigurationName = Release;
		};
		CEB3EC512B4001530068F4B7 /* Build configuration list for PBXNativeTarget "MovieCombine" */ = {
			isa = XCConfigurationList;
			buildConfigurations = (
				CEB3EC522B4001530068F4B7 /* Debug */,
				CEB3EC532B4001530068F4B7 /* Release */,
			);
			defaultConfigurationIsVisible = 0;
			defaultConfigurationName = Release;
		};
/* End XCConfigurationList section */
	};
	rootObject = CEB3EC3B2B4001510068F4B7 /* Project object */;
}
